// !$*UTF8*$!
{
	archiveVersion = 1;
	classes = {
	};
	objectVersion = 55;
	objects = {

/* Begin PBXBuildFile section */
		1B1903EA270995570085E71F /* Content+URL.swift in Sources */ = {isa = PBXBuildFile; fileRef = 1B1903E9270995570085E71F /* Content+URL.swift */; };
		1B19049C2709C19D0085E71F /* Constants.swift in Sources */ = {isa = PBXBuildFile; fileRef = 1B19049B2709C19D0085E71F /* Constants.swift */; };
		1B19049E270A73D50085E71F /* Notification+Name.swift in Sources */ = {isa = PBXBuildFile; fileRef = 1B19049D270A73D50085E71F /* Notification+Name.swift */; };
		1B73FCC82700539700B6BCE1 /* Tests_iOS.swift in Sources */ = {isa = PBXBuildFile; fileRef = 1B73FCC72700539700B6BCE1 /* Tests_iOS.swift */; };
		1B73FCCA2700539700B6BCE1 /* Tests_iOSLaunchTests.swift in Sources */ = {isa = PBXBuildFile; fileRef = 1B73FCC92700539700B6BCE1 /* Tests_iOSLaunchTests.swift */; };
		1B73FCD72700539700B6BCE1 /* KidsVideo.xcdatamodeld in Sources */ = {isa = PBXBuildFile; fileRef = 1B73FCAC2700539500B6BCE1 /* KidsVideo.xcdatamodeld */; };
		1B73FCD92700539700B6BCE1 /* KidsVideoApp.swift in Sources */ = {isa = PBXBuildFile; fileRef = 1B73FCAE2700539500B6BCE1 /* KidsVideoApp.swift */; };
		1B73FCDB2700539700B6BCE1 /* ContentView.swift in Sources */ = {isa = PBXBuildFile; fileRef = 1B73FCAF2700539500B6BCE1 /* ContentView.swift */; };
		1B73FCDD2700539700B6BCE1 /* Persistence.swift in Sources */ = {isa = PBXBuildFile; fileRef = 1B73FCB02700539500B6BCE1 /* Persistence.swift */; };
		1B73FCDF2700539700B6BCE1 /* Assets.xcassets in Resources */ = {isa = PBXBuildFile; fileRef = 1B73FCB12700539700B6BCE1 /* Assets.xcassets */; };
		1B78A4A42703640F00B2A670 /* View+Animation.swift in Sources */ = {isa = PBXBuildFile; fileRef = 1B78A4A32703640F00B2A670 /* View+Animation.swift */; };
		1B78A4AD2703689800B2A670 /* PenguinAttack.ttf in Resources */ = {isa = PBXBuildFile; fileRef = 1B78A4AC2703689800B2A670 /* PenguinAttack.ttf */; };
		1BAB1E232703DAC2007FBD25 /* baby-game-mane-8780.mp3 in Resources */ = {isa = PBXBuildFile; fileRef = 1BAB1E202703DAC0007FBD25 /* baby-game-mane-8780.mp3 */; };
		1BAB1E252703DAC2007FBD25 /* fanny-stories-main-7231.mp3 in Resources */ = {isa = PBXBuildFile; fileRef = 1BAB1E212703DAC1007FBD25 /* fanny-stories-main-7231.mp3 */; };
		1BAB1E272703DAC2007FBD25 /* happy-children-8770.mp3 in Resources */ = {isa = PBXBuildFile; fileRef = 1BAB1E222703DAC2007FBD25 /* happy-children-8770.mp3 */; };
		1BAB1E2A2703DB3E007FBD25 /* Music.swift in Sources */ = {isa = PBXBuildFile; fileRef = 1BAB1E292703DB3E007FBD25 /* Music.swift */; };
		1BAB1E2D2703DBCB007FBD25 /* MusicMaker.swift in Sources */ = {isa = PBXBuildFile; fileRef = 1BAB1E2C2703DBCB007FBD25 /* MusicMaker.swift */; };
		1BAB1E322704183C007FBD25 /* Channel.swift in Sources */ = {isa = PBXBuildFile; fileRef = 1BAB1E312704183C007FBD25 /* Channel.swift */; };
		1BC317EF2711B946003B66F5 /* PlayerControlCommonButton.swift in Sources */ = {isa = PBXBuildFile; fileRef = 1BC317EE2711B946003B66F5 /* PlayerControlCommonButton.swift */; };
		1BC317F827132510003B66F5 /* UIView+Animation.swift in Sources */ = {isa = PBXBuildFile; fileRef = 1BC317F727132510003B66F5 /* UIView+Animation.swift */; };
		1BC9605C270C99F200DF2E69 /* UIViewController+Toast.swift in Sources */ = {isa = PBXBuildFile; fileRef = 1BC9605B270C99F200DF2E69 /* UIViewController+Toast.swift */; };
		1BC9605F270C9A3F00DF2E69 /* ToastMessageShadow.swift in Sources */ = {isa = PBXBuildFile; fileRef = 1BC9605E270C9A3F00DF2E69 /* ToastMessageShadow.swift */; };
		1BE696F927005A1D008E7E56 /* PlayerViewController.swift in Sources */ = {isa = PBXBuildFile; fileRef = 1BE696F827005A1D008E7E56 /* PlayerViewController.swift */; };
		1BE696FC27005A95008E7E56 /* PlayerViewControllerWrapper.swift in Sources */ = {isa = PBXBuildFile; fileRef = 1BE696FB27005A95008E7E56 /* PlayerViewControllerWrapper.swift */; };
		1BE6970127005B65008E7E56 /* DefaultConfig.swift in Sources */ = {isa = PBXBuildFile; fileRef = 1BE6970027005B65008E7E56 /* DefaultConfig.swift */; };
		1BE6970627005BA7008E7E56 /* InternalConfiguration.swift in Sources */ = {isa = PBXBuildFile; fileRef = 1BE6970427005BA7008E7E56 /* InternalConfiguration.swift */; };
		1BE6970827005BA7008E7E56 /* SummerPlayerViewConfig.swift in Sources */ = {isa = PBXBuildFile; fileRef = 1BE6970527005BA7008E7E56 /* SummerPlayerViewConfig.swift */; };
		1BE6970E27005BCC008E7E56 /* PlayerControlViewDelegate.swift in Sources */ = {isa = PBXBuildFile; fileRef = 1BE6970B27005BCC008E7E56 /* PlayerControlViewDelegate.swift */; };
		1BE6971027005BCC008E7E56 /* PlayerScreenViewDelegate.swift in Sources */ = {isa = PBXBuildFile; fileRef = 1BE6970C27005BCC008E7E56 /* PlayerScreenViewDelegate.swift */; };
		1BE6971227005BCC008E7E56 /* SummerPlayerViewDelegate.swift in Sources */ = {isa = PBXBuildFile; fileRef = 1BE6970D27005BCC008E7E56 /* SummerPlayerViewDelegate.swift */; };
		1BE6971527005BEA008E7E56 /* Content.swift in Sources */ = {isa = PBXBuildFile; fileRef = 1BE6971427005BEA008E7E56 /* Content.swift */; };
		1BE6971927005BF8008E7E56 /* SummerPlayerView.swift in Sources */ = {isa = PBXBuildFile; fileRef = 1BE6971727005BF8008E7E56 /* SummerPlayerView.swift */; };
		1BE6971B27005BF8008E7E56 /* SummerPlayerViewTheme.swift in Sources */ = {isa = PBXBuildFile; fileRef = 1BE6971827005BF8008E7E56 /* SummerPlayerViewTheme.swift */; };
		1BE6972027005C0D008E7E56 /* CMTime+extension.swift in Sources */ = {isa = PBXBuildFile; fileRef = 1BE6971E27005C0D008E7E56 /* CMTime+extension.swift */; };
		1BE6972227005C0D008E7E56 /* Utills.swift in Sources */ = {isa = PBXBuildFile; fileRef = 1BE6971F27005C0D008E7E56 /* Utills.swift */; };
		1BE6972827005C19008E7E56 /* PlayerControlView.swift in Sources */ = {isa = PBXBuildFile; fileRef = 1BE6972427005C19008E7E56 /* PlayerControlView.swift */; };
		1BE6972A27005C19008E7E56 /* ContentListView.swift in Sources */ = {isa = PBXBuildFile; fileRef = 1BE6972527005C19008E7E56 /* ContentListView.swift */; };
		1BE6972C27005C19008E7E56 /* PlayerScreenView.swift in Sources */ = {isa = PBXBuildFile; fileRef = 1BE6972627005C19008E7E56 /* PlayerScreenView.swift */; };
		1BE6972E27005C19008E7E56 /* VideoCollectionViewCell.swift in Sources */ = {isa = PBXBuildFile; fileRef = 1BE6972727005C19008E7E56 /* VideoCollectionViewCell.swift */; };
		1BE6973127005C6E008E7E56 /* ContentsMaker.swift in Sources */ = {isa = PBXBuildFile; fileRef = 1BE6973027005C6E008E7E56 /* ContentsMaker.swift */; };
		1BE6973427005CA6008E7E56 /* SampleThemes.swift in Sources */ = {isa = PBXBuildFile; fileRef = 1BE6973327005CA6008E7E56 /* SampleThemes.swift */; };
		1BE6973727005CB3008E7E56 /* ThemeMaker.swift in Sources */ = {isa = PBXBuildFile; fileRef = 1BE6973627005CB3008E7E56 /* ThemeMaker.swift */; };
		BF0DE73527028D1A0029CE17 /* MenuImageMaker.swift in Sources */ = {isa = PBXBuildFile; fileRef = BF0DE73427028D1A0029CE17 /* MenuImageMaker.swift */; };
		BF0DE73827028D480029CE17 /* MenuImage.swift in Sources */ = {isa = PBXBuildFile; fileRef = BF0DE73727028D480029CE17 /* MenuImage.swift */; };
		C4348F962E424C400003530B /* ダイヤ大量発見!!レア鉱石を掘りまくれ!!マイクラ実況Part5.mp4 in Resources */ = {isa = PBXBuildFile; fileRef = C4348F932E424C400003530B /* ダイヤ大量発見!!レア鉱石を掘りまくれ!!マイクラ実況Part5.mp4 */; };
		C4348F972E424C400003530B /* 『シンカリオン チェンジ ザ ワールド』特別編「戦いの記録」.mp4 in Resources */ = {isa = PBXBuildFile; fileRef = C4348F902E424C400003530B /* 『シンカリオン チェンジ ザ ワールド』特別編「戦いの記録」.mp4 */; };
		C4348F982E424C400003530B /* ついに家が完成!!めっちゃ大変だった…マイクラ実況Part3.mp4 in Resources */ = {isa = PBXBuildFile; fileRef = C4348F942E424C400003530B /* ついに家が完成!!めっちゃ大変だった…マイクラ実況Part3.mp4 */; };
		C4348F992E424C400003530B /* ゾンビ_VS_10個のセキュリティ.mp4 in Resources */ = {isa = PBXBuildFile; fileRef = C4348F922E424C400003530B /* ゾンビ_VS_10個のセキュリティ.mp4 */; };
		C4348F9C2E424E720003530B /* シンカリオン.jpeg in Resources */ = {isa = PBXBuildFile; fileRef = C4348F9A2E424E720003530B /* シンカリオン.jpeg */; };
		C4348F9D2E424E720003530B /* マイクラ.jpeg in Resources */ = {isa = PBXBuildFile; fileRef = C4348F9B2E424E720003530B /* マイクラ.jpeg */; };
/* End PBXBuildFile section */

/* Begin PBXContainerItemProxy section */
		1B73FCC42700539700B6BCE1 /* PBXContainerItemProxy */ = {
			isa = PBXContainerItemProxy;
			containerPortal = 1B73FCA72700539500B6BCE1 /* Project object */;
			proxyType = 1;
			remoteGlobalIDString = 1B73FCB52700539700B6BCE1;
			remoteInfo = "KidsVideo (iOS)";
		};
/* End PBXContainerItemProxy section */

/* Begin PBXFileReference section */
		1B1903E9270995570085E71F /* Content+URL.swift */ = {isa = PBXFileReference; lastKnownFileType = sourcecode.swift; path = "Content+URL.swift"; sourceTree = "<group>"; };
		1B19049B2709C19D0085E71F /* Constants.swift */ = {isa = PBXFileReference; lastKnownFileType = sourcecode.swift; path = Constants.swift; sourceTree = "<group>"; };
		1B19049D270A73D50085E71F /* Notification+Name.swift */ = {isa = PBXFileReference; lastKnownFileType = sourcecode.swift; path = "Notification+Name.swift"; sourceTree = "<group>"; };
		1B73FCAD2700539500B6BCE1 /* Shared.xcdatamodel */ = {isa = PBXFileReference; lastKnownFileType = wrapper.xcdatamodel; path = Shared.xcdatamodel; sourceTree = "<group>"; };
		1B73FCAE2700539500B6BCE1 /* KidsVideoApp.swift */ = {isa = PBXFileReference; lastKnownFileType = sourcecode.swift; path = KidsVideoApp.swift; sourceTree = "<group>"; };
		1B73FCAF2700539500B6BCE1 /* ContentView.swift */ = {isa = PBXFileReference; lastKnownFileType = sourcecode.swift; path = ContentView.swift; sourceTree = "<group>"; };
		1B73FCB02700539500B6BCE1 /* Persistence.swift */ = {isa = PBXFileReference; lastKnownFileType = sourcecode.swift; path = Persistence.swift; sourceTree = "<group>"; };
		1B73FCB12700539700B6BCE1 /* Assets.xcassets */ = {isa = PBXFileReference; lastKnownFileType = folder.assetcatalog; path = Assets.xcassets; sourceTree = "<group>"; };
		1B73FCB62700539700B6BCE1 /* KidsVideo.app */ = {isa = PBXFileReference; explicitFileType = wrapper.application; includeInIndex = 0; path = KidsVideo.app; sourceTree = BUILT_PRODUCTS_DIR; };
		1B73FCC32700539700B6BCE1 /* Tests iOS.xctest */ = {isa = PBXFileReference; explicitFileType = wrapper.cfbundle; includeInIndex = 0; path = "Tests iOS.xctest"; sourceTree = BUILT_PRODUCTS_DIR; };
		1B73FCC72700539700B6BCE1 /* Tests_iOS.swift */ = {isa = PBXFileReference; lastKnownFileType = sourcecode.swift; path = Tests_iOS.swift; sourceTree = "<group>"; };
		1B73FCC92700539700B6BCE1 /* Tests_iOSLaunchTests.swift */ = {isa = PBXFileReference; lastKnownFileType = sourcecode.swift; path = Tests_iOSLaunchTests.swift; sourceTree = "<group>"; };
		1B73FCCF2700539700B6BCE1 /* Tests macOS.xctest */ = {isa = PBXFileReference; explicitFileType = wrapper.cfbundle; includeInIndex = 0; path = "Tests macOS.xctest"; sourceTree = BUILT_PRODUCTS_DIR; };
		1B78A4A32703640F00B2A670 /* View+Animation.swift */ = {isa = PBXFileReference; lastKnownFileType = sourcecode.swift; path = "View+Animation.swift"; sourceTree = "<group>"; };
		1B78A4AC2703689800B2A670 /* PenguinAttack.ttf */ = {isa = PBXFileReference; lastKnownFileType = file; path = PenguinAttack.ttf; sourceTree = "<group>"; };
		1BAB1E202703DAC0007FBD25 /* baby-game-mane-8780.mp3 */ = {isa = PBXFileReference; lastKnownFileType = audio.mp3; path = "baby-game-mane-8780.mp3"; sourceTree = "<group>"; };
		1BAB1E212703DAC1007FBD25 /* fanny-stories-main-7231.mp3 */ = {isa = PBXFileReference; lastKnownFileType = audio.mp3; path = "fanny-stories-main-7231.mp3"; sourceTree = "<group>"; };
		1BAB1E222703DAC2007FBD25 /* happy-children-8770.mp3 */ = {isa = PBXFileReference; lastKnownFileType = audio.mp3; path = "happy-children-8770.mp3"; sourceTree = "<group>"; };
		1BAB1E292703DB3E007FBD25 /* Music.swift */ = {isa = PBXFileReference; lastKnownFileType = sourcecode.swift; path = Music.swift; sourceTree = "<group>"; };
		1BAB1E2C2703DBCB007FBD25 /* MusicMaker.swift */ = {isa = PBXFileReference; lastKnownFileType = sourcecode.swift; path = MusicMaker.swift; sourceTree = "<group>"; };
		1BAB1E312704183C007FBD25 /* Channel.swift */ = {isa = PBXFileReference; lastKnownFileType = sourcecode.swift; path = Channel.swift; sourceTree = "<group>"; };
		1BC317EE2711B946003B66F5 /* PlayerControlCommonButton.swift */ = {isa = PBXFileReference; lastKnownFileType = sourcecode.swift; path = PlayerControlCommonButton.swift; sourceTree = "<group>"; };
		1BC317F727132510003B66F5 /* UIView+Animation.swift */ = {isa = PBXFileReference; lastKnownFileType = sourcecode.swift; path = "UIView+Animation.swift"; sourceTree = "<group>"; };
		1BC9605B270C99F200DF2E69 /* UIViewController+Toast.swift */ = {isa = PBXFileReference; lastKnownFileType = sourcecode.swift; path = "UIViewController+Toast.swift"; sourceTree = "<group>"; };
		1BC9605E270C9A3F00DF2E69 /* ToastMessageShadow.swift */ = {isa = PBXFileReference; lastKnownFileType = sourcecode.swift; path = ToastMessageShadow.swift; sourceTree = "<group>"; };
		1BE696F827005A1D008E7E56 /* PlayerViewController.swift */ = {isa = PBXFileReference; lastKnownFileType = sourcecode.swift; path = PlayerViewController.swift; sourceTree = "<group>"; };
		1BE696FB27005A95008E7E56 /* PlayerViewControllerWrapper.swift */ = {isa = PBXFileReference; lastKnownFileType = sourcecode.swift; path = PlayerViewControllerWrapper.swift; sourceTree = "<group>"; };
		1BE6970027005B65008E7E56 /* DefaultConfig.swift */ = {isa = PBXFileReference; fileEncoding = 4; lastKnownFileType = sourcecode.swift; path = DefaultConfig.swift; sourceTree = "<group>"; };
		1BE6970427005BA7008E7E56 /* InternalConfiguration.swift */ = {isa = PBXFileReference; fileEncoding = 4; lastKnownFileType = sourcecode.swift; path = InternalConfiguration.swift; sourceTree = "<group>"; };
		1BE6970527005BA7008E7E56 /* SummerPlayerViewConfig.swift */ = {isa = PBXFileReference; fileEncoding = 4; lastKnownFileType = sourcecode.swift; path = SummerPlayerViewConfig.swift; sourceTree = "<group>"; };
		1BE6970B27005BCC008E7E56 /* PlayerControlViewDelegate.swift */ = {isa = PBXFileReference; fileEncoding = 4; lastKnownFileType = sourcecode.swift; path = PlayerControlViewDelegate.swift; sourceTree = "<group>"; };
		1BE6970C27005BCC008E7E56 /* PlayerScreenViewDelegate.swift */ = {isa = PBXFileReference; fileEncoding = 4; lastKnownFileType = sourcecode.swift; path = PlayerScreenViewDelegate.swift; sourceTree = "<group>"; };
		1BE6970D27005BCC008E7E56 /* SummerPlayerViewDelegate.swift */ = {isa = PBXFileReference; fileEncoding = 4; lastKnownFileType = sourcecode.swift; path = SummerPlayerViewDelegate.swift; sourceTree = "<group>"; };
		1BE6971427005BEA008E7E56 /* Content.swift */ = {isa = PBXFileReference; fileEncoding = 4; lastKnownFileType = sourcecode.swift; path = Content.swift; sourceTree = "<group>"; };
		1BE6971727005BF8008E7E56 /* SummerPlayerView.swift */ = {isa = PBXFileReference; fileEncoding = 4; lastKnownFileType = sourcecode.swift; path = SummerPlayerView.swift; sourceTree = "<group>"; };
		1BE6971827005BF8008E7E56 /* SummerPlayerViewTheme.swift */ = {isa = PBXFileReference; fileEncoding = 4; lastKnownFileType = sourcecode.swift; path = SummerPlayerViewTheme.swift; sourceTree = "<group>"; };
		1BE6971E27005C0D008E7E56 /* CMTime+extension.swift */ = {isa = PBXFileReference; fileEncoding = 4; lastKnownFileType = sourcecode.swift; path = "CMTime+extension.swift"; sourceTree = "<group>"; };
		1BE6971F27005C0D008E7E56 /* Utills.swift */ = {isa = PBXFileReference; fileEncoding = 4; lastKnownFileType = sourcecode.swift; path = Utills.swift; sourceTree = "<group>"; };
		1BE6972427005C19008E7E56 /* PlayerControlView.swift */ = {isa = PBXFileReference; fileEncoding = 4; lastKnownFileType = sourcecode.swift; path = PlayerControlView.swift; sourceTree = "<group>"; };
		1BE6972527005C19008E7E56 /* ContentListView.swift */ = {isa = PBXFileReference; fileEncoding = 4; lastKnownFileType = sourcecode.swift; path = ContentListView.swift; sourceTree = "<group>"; };
		1BE6972627005C19008E7E56 /* PlayerScreenView.swift */ = {isa = PBXFileReference; fileEncoding = 4; lastKnownFileType = sourcecode.swift; path = PlayerScreenView.swift; sourceTree = "<group>"; };
		1BE6972727005C19008E7E56 /* VideoCollectionViewCell.swift */ = {isa = PBXFileReference; fileEncoding = 4; lastKnownFileType = sourcecode.swift; path = VideoCollectionViewCell.swift; sourceTree = "<group>"; };
		1BE6973027005C6E008E7E56 /* ContentsMaker.swift */ = {isa = PBXFileReference; fileEncoding = 4; lastKnownFileType = sourcecode.swift; path = ContentsMaker.swift; sourceTree = "<group>"; };
		1BE6973327005CA6008E7E56 /* SampleThemes.swift */ = {isa = PBXFileReference; fileEncoding = 4; lastKnownFileType = sourcecode.swift; path = SampleThemes.swift; sourceTree = "<group>"; };
		1BE6973627005CB3008E7E56 /* ThemeMaker.swift */ = {isa = PBXFileReference; fileEncoding = 4; lastKnownFileType = sourcecode.swift; path = ThemeMaker.swift; sourceTree = "<group>"; };
		BF0DE73427028D1A0029CE17 /* MenuImageMaker.swift */ = {isa = PBXFileReference; lastKnownFileType = sourcecode.swift; path = MenuImageMaker.swift; sourceTree = "<group>"; };
		BF0DE73727028D480029CE17 /* MenuImage.swift */ = {isa = PBXFileReference; lastKnownFileType = sourcecode.swift; path = MenuImage.swift; sourceTree = "<group>"; };
		C4348F902E424C400003530B /* 『シンカリオン チェンジ ザ ワールド』特別編「戦いの記録」.mp4 */ = {isa = PBXFileReference; lastKnownFileType = file; path = "『シンカリオン チェンジ ザ ワールド』特別編「戦いの記録」.mp4"; sourceTree = "<group>"; };
		C4348F922E424C400003530B /* ゾンビ_VS_10個のセキュリティ.mp4 */ = {isa = PBXFileReference; lastKnownFileType = file; path = "ゾンビ_VS_10個のセキュリティ.mp4"; sourceTree = "<group>"; };
		C4348F932E424C400003530B /* ダイヤ大量発見!!レア鉱石を掘りまくれ!!マイクラ実況Part5.mp4 */ = {isa = PBXFileReference; lastKnownFileType = file; path = "ダイヤ大量発見!!レア鉱石を掘りまくれ!!マイクラ実況Part5.mp4"; sourceTree = "<group>"; };
		C4348F942E424C400003530B /* ついに家が完成!!めっちゃ大変だった…マイクラ実況Part3.mp4 */ = {isa = PBXFileReference; lastKnownFileType = file; path = "ついに家が完成!!めっちゃ大変だった…マイクラ実況Part3.mp4"; sourceTree = "<group>"; };
		C4348F9A2E424E720003530B /* シンカリオン.jpeg */ = {isa = PBXFileReference; lastKnownFileType = image.jpeg; path = "シンカリオン.jpeg"; sourceTree = "<group>"; };
		C4348F9B2E424E720003530B /* マイクラ.jpeg */ = {isa = PBXFileReference; lastKnownFileType = image.jpeg; path = "マイクラ.jpeg"; sourceTree = "<group>"; };
/* End PBXFileReference section */

/* Begin PBXFrameworksBuildPhase section */
		1B73FCB32700539700B6BCE1 /* Frameworks */ = {
			isa = PBXFrameworksBuildPhase;
			buildActionMask = 2147483647;
			files = (
			);
			runOnlyForDeploymentPostprocessing = 0;
		};
		1B73FCC02700539700B6BCE1 /* Frameworks */ = {
			isa = PBXFrameworksBuildPhase;
			buildActionMask = 2147483647;
			files = (
			);
			runOnlyForDeploymentPostprocessing = 0;
		};
		1B73FCCC2700539700B6BCE1 /* Frameworks */ = {
			isa = PBXFrameworksBuildPhase;
			buildActionMask = 2147483647;
			files = (
			);
			runOnlyForDeploymentPostprocessing = 0;
		};
/* End PBXFrameworksBuildPhase section */

/* Begin PBXGroup section */
		1B1903EC270998F70085E71F /* Menu */ = {
			isa = PBXGroup;
			children = (
				1B73FCAF2700539500B6BCE1 /* ContentView.swift */,
			);
			path = Menu;
			sourceTree = "<group>";
		};
		1B73FCA62700539500B6BCE1 = {
			isa = PBXGroup;
			children = (
				1B73FCAB2700539500B6BCE1 /* Shared */,
				1B73FCC62700539700B6BCE1 /* Tests iOS */,
				1B73FCB72700539700B6BCE1 /* Products */,
			);
			sourceTree = "<group>";
		};
		1B73FCAB2700539500B6BCE1 /* Shared */ = {
			isa = PBXGroup;
			children = (
				1BE6973A27005EF1008E7E56 /* Resources */,
				1BE696FF27005B55008E7E56 /* Views */,
				1BE696FE27005B3D008E7E56 /* Models */,
				1BE696F7270059F6008E7E56 /* Controllers */,
				1B73FCAE2700539500B6BCE1 /* KidsVideoApp.swift */,
				1B73FCB02700539500B6BCE1 /* Persistence.swift */,
				1B73FCB12700539700B6BCE1 /* Assets.xcassets */,
				1B73FCAC2700539500B6BCE1 /* KidsVideo.xcdatamodeld */,
			);
			path = Shared;
			sourceTree = "<group>";
		};
		1B73FCB72700539700B6BCE1 /* Products */ = {
			isa = PBXGroup;
			children = (
				1B73FCB62700539700B6BCE1 /* KidsVideo.app */,
				1B73FCC32700539700B6BCE1 /* Tests iOS.xctest */,
				1B73FCCF2700539700B6BCE1 /* Tests macOS.xctest */,
			);
			name = Products;
			sourceTree = "<group>";
		};
		1B73FCC62700539700B6BCE1 /* Tests iOS */ = {
			isa = PBXGroup;
			children = (
				1B73FCC72700539700B6BCE1 /* Tests_iOS.swift */,
				1B73FCC92700539700B6BCE1 /* Tests_iOSLaunchTests.swift */,
			);
			path = "Tests iOS";
			sourceTree = "<group>";
		};
		1B78A4AB2703689800B2A670 /* Fonts */ = {
			isa = PBXGroup;
			children = (
				1B78A4AC2703689800B2A670 /* PenguinAttack.ttf */,
			);
			path = Fonts;
			sourceTree = "<group>";
		};
		1BAB1E162703DA94007FBD25 /* Music */ = {
			isa = PBXGroup;
			children = (
				1BAB1E202703DAC0007FBD25 /* baby-game-mane-8780.mp3 */,
				1BAB1E212703DAC1007FBD25 /* fanny-stories-main-7231.mp3 */,
				1BAB1E222703DAC2007FBD25 /* happy-children-8770.mp3 */,
			);
			path = Music;
			sourceTree = "<group>";
		};
		1BAB1E2F270417E0007FBD25 /* Movie */ = {
			isa = PBXGroup;
			children = (
				C4348F912E424C400003530B /* シンカリオン */,
				C4348F952E424C400003530B /* マイクラ */,
			);
			path = Movie;
			sourceTree = "<group>";
		};
		1BE696F7270059F6008E7E56 /* Controllers */ = {
			isa = PBXGroup;
			children = (
				1BE696F827005A1D008E7E56 /* PlayerViewController.swift */,
				1BE696FB27005A95008E7E56 /* PlayerViewControllerWrapper.swift */,
			);
			path = Controllers;
			sourceTree = "<group>";
		};
		1BE696FE27005B3D008E7E56 /* Models */ = {
			isa = PBXGroup;
			children = (
				BF0DE73027028BE30029CE17 /* Contents */,
				1BE6973927005CC6008E7E56 /* Samples */,
				1BE6971D27005C0D008E7E56 /* Utills */,
				1BE6970A27005BCC008E7E56 /* Delegate */,
				1BE6970327005BA7008E7E56 /* Config */,
				1B19049B2709C19D0085E71F /* Constants.swift */,
			);
			path = Models;
			sourceTree = "<group>";
		};
		1BE696FF27005B55008E7E56 /* Views */ = {
			isa = PBXGroup;
			children = (
				1B1903EC270998F70085E71F /* Menu */,
				1BE6972527005C19008E7E56 /* ContentListView.swift */,
				1BE6972427005C19008E7E56 /* PlayerControlView.swift */,
				1BC317EE2711B946003B66F5 /* PlayerControlCommonButton.swift */,
				1BE6972627005C19008E7E56 /* PlayerScreenView.swift */,
				1BE6972727005C19008E7E56 /* VideoCollectionViewCell.swift */,
				1BE6971727005BF8008E7E56 /* SummerPlayerView.swift */,
				1BE6971827005BF8008E7E56 /* SummerPlayerViewTheme.swift */,
				1B78A4A32703640F00B2A670 /* View+Animation.swift */,
			);
			path = Views;
			sourceTree = "<group>";
		};
		1BE6970327005BA7008E7E56 /* Config */ = {
			isa = PBXGroup;
			children = (
				1BE6970027005B65008E7E56 /* DefaultConfig.swift */,
				1BE6970427005BA7008E7E56 /* InternalConfiguration.swift */,
				1BE6970527005BA7008E7E56 /* SummerPlayerViewConfig.swift */,
			);
			path = Config;
			sourceTree = "<group>";
		};
		1BE6970A27005BCC008E7E56 /* Delegate */ = {
			isa = PBXGroup;
			children = (
				1BE6970B27005BCC008E7E56 /* PlayerControlViewDelegate.swift */,
				1BE6970C27005BCC008E7E56 /* PlayerScreenViewDelegate.swift */,
				1BE6970D27005BCC008E7E56 /* SummerPlayerViewDelegate.swift */,
			);
			path = Delegate;
			sourceTree = "<group>";
		};
		1BE6971D27005C0D008E7E56 /* Utills */ = {
			isa = PBXGroup;
			children = (
				1BE6971E27005C0D008E7E56 /* CMTime+extension.swift */,
				1BE6971F27005C0D008E7E56 /* Utills.swift */,
				1B1903E9270995570085E71F /* Content+URL.swift */,
				1B19049D270A73D50085E71F /* Notification+Name.swift */,
				1BC9605B270C99F200DF2E69 /* UIViewController+Toast.swift */,
				1BC9605E270C9A3F00DF2E69 /* ToastMessageShadow.swift */,
				1BC317F727132510003B66F5 /* UIView+Animation.swift */,
			);
			path = Utills;
			sourceTree = "<group>";
		};
		1BE6973927005CC6008E7E56 /* Samples */ = {
			isa = PBXGroup;
			children = (
				1BE6973627005CB3008E7E56 /* ThemeMaker.swift */,
				1BE6973327005CA6008E7E56 /* SampleThemes.swift */,
			);
			path = Samples;
			sourceTree = "<group>";
		};
		1BE6973A27005EF1008E7E56 /* Resources */ = {
			isa = PBXGroup;
			children = (
				1BAB1E2F270417E0007FBD25 /* Movie */,
				1BAB1E162703DA94007FBD25 /* Music */,
				1B78A4AB2703689800B2A670 /* Fonts */,
				C4348F9A2E424E720003530B /* シンカリオン.jpeg */,
				C4348F9B2E424E720003530B /* マイクラ.jpeg */,
			);
			path = Resources;
			sourceTree = "<group>";
		};
		BF0DE73027028BE30029CE17 /* Contents */ = {
			isa = PBXGroup;
			children = (
				1BE6973027005C6E008E7E56 /* ContentsMaker.swift */,
				1BAB1E312704183C007FBD25 /* Channel.swift */,
				BF0DE73427028D1A0029CE17 /* MenuImageMaker.swift */,
				1BAB1E2C2703DBCB007FBD25 /* MusicMaker.swift */,
				1BE6971427005BEA008E7E56 /* Content.swift */,
				BF0DE73727028D480029CE17 /* MenuImage.swift */,
				1BAB1E292703DB3E007FBD25 /* Music.swift */,
			);
			path = Contents;
			sourceTree = "<group>";
		};
		C4348F912E424C400003530B /* シンカリオン */ = {
			isa = PBXGroup;
			children = (
				C4348F902E424C400003530B /* 『シンカリオン チェンジ ザ ワールド』特別編「戦いの記録」.mp4 */,
			);
			path = "シンカリオン";
			sourceTree = "<group>";
		};
		C4348F952E424C400003530B /* マイクラ */ = {
			isa = PBXGroup;
			children = (
				C4348F922E424C400003530B /* ゾンビ_VS_10個のセキュリティ.mp4 */,
				C4348F932E424C400003530B /* ダイヤ大量発見!!レア鉱石を掘りまくれ!!マイクラ実況Part5.mp4 */,
				C4348F942E424C400003530B /* ついに家が完成!!めっちゃ大変だった…マイクラ実況Part3.mp4 */,
			);
			path = "マイクラ";
			sourceTree = "<group>";
		};
/* End PBXGroup section */

/* Begin PBXNativeTarget section */
		1B73FCB52700539700B6BCE1 /* KidsVideo (iOS) */ = {
			isa = PBXNativeTarget;
			buildConfigurationList = 1B73FCE32700539700B6BCE1 /* Build configuration list for PBXNativeTarget "KidsVideo (iOS)" */;
			buildPhases = (
				1B73FCB22700539700B6BCE1 /* Sources */,
				1B73FCB32700539700B6BCE1 /* Frameworks */,
				1B73FCB42700539700B6BCE1 /* Resources */,
			);
			buildRules = (
			);
			dependencies = (
			);
			name = "KidsVideo (iOS)";
			productName = "KidsVideo (iOS)";
			productReference = 1B73FCB62700539700B6BCE1 /* KidsVideo.app */;
			productType = "com.apple.product-type.application";
		};
		1B73FCC22700539700B6BCE1 /* Tests iOS */ = {
			isa = PBXNativeTarget;
			buildConfigurationList = 1B73FCE92700539700B6BCE1 /* Build configuration list for PBXNativeTarget "Tests iOS" */;
			buildPhases = (
				1B73FCBF2700539700B6BCE1 /* Sources */,
				1B73FCC02700539700B6BCE1 /* Frameworks */,
				1B73FCC12700539700B6BCE1 /* Resources */,
			);
			buildRules = (
			);
			dependencies = (
				1B73FCC52700539700B6BCE1 /* PBXTargetDependency */,
			);
			name = "Tests iOS";
			productName = "Tests iOS";
			productReference = 1B73FCC32700539700B6BCE1 /* Tests iOS.xctest */;
			productType = "com.apple.product-type.bundle.ui-testing";
		};
		1B73FCCE2700539700B6BCE1 /* Tests macOS */ = {
			isa = PBXNativeTarget;
			buildConfigurationList = 1B73FCEC2700539700B6BCE1 /* Build configuration list for PBXNativeTarget "Tests macOS" */;
			buildPhases = (
				1B73FCCB2700539700B6BCE1 /* Sources */,
				1B73FCCC2700539700B6BCE1 /* Frameworks */,
				1B73FCCD2700539700B6BCE1 /* Resources */,
			);
			buildRules = (
			);
			dependencies = (
			);
			name = "Tests macOS";
			productName = "Tests macOS";
			productReference = 1B73FCCF2700539700B6BCE1 /* Tests macOS.xctest */;
			productType = "com.apple.product-type.bundle.ui-testing";
		};
/* End PBXNativeTarget section */

/* Begin PBXProject section */
		1B73FCA72700539500B6BCE1 /* Project object */ = {
			isa = PBXProject;
			attributes = {
				BuildIndependentTargetsInParallel = 1;
				LastSwiftUpdateCheck = 1300;
				LastUpgradeCheck = 1310;
				TargetAttributes = {
					1B73FCB52700539700B6BCE1 = {
						CreatedOnToolsVersion = 13.0;
					};
					1B73FCC22700539700B6BCE1 = {
						CreatedOnToolsVersion = 13.0;
						TestTargetID = 1B73FCB52700539700B6BCE1;
					};
					1B73FCCE2700539700B6BCE1 = {
						CreatedOnToolsVersion = 13.0;
						TestTargetID = 1B73FCBB2700539700B6BCE1;
					};
				};
			};
			buildConfigurationList = 1B73FCAA2700539500B6BCE1 /* Build configuration list for PBXProject "KidsVideo" */;
			compatibilityVersion = "Xcode 13.0";
			developmentRegion = en;
			hasScannedForEncodings = 0;
			knownRegions = (
				en,
				Base,
			);
			mainGroup = 1B73FCA62700539500B6BCE1;
			productRefGroup = 1B73FCB72700539700B6BCE1 /* Products */;
			projectDirPath = "";
			projectRoot = "";
			targets = (
				1B73FCB52700539700B6BCE1 /* KidsVideo (iOS) */,
				1B73FCC22700539700B6BCE1 /* Tests iOS */,
				1B73FCCE2700539700B6BCE1 /* Tests macOS */,
			);
		};
/* End PBXProject section */

/* Begin PBXResourcesBuildPhase section */
		1B73FCB42700539700B6BCE1 /* Resources */ = {
			isa = PBXResourcesBuildPhase;
			buildActionMask = 2147483647;
			files = (
				C4348F9C2E424E720003530B /* シンカリオン.jpeg in Resources */,
				C4348F9D2E424E720003530B /* マイクラ.jpeg in Resources */,
				1B78A4AD2703689800B2A670 /* PenguinAttack.ttf in Resources */,
				1B73FCDF2700539700B6BCE1 /* Assets.xcassets in Resources */,
				1BAB1E272703DAC2007FBD25 /* happy-children-8770.mp3 in Resources */,
				1BAB1E252703DAC2007FBD25 /* fanny-stories-main-7231.mp3 in Resources */,
				1BAB1E232703DAC2007FBD25 /* baby-game-mane-8780.mp3 in Resources */,
				C4348F962E424C400003530B /* ダイヤ大量発見!!レア鉱石を掘りまくれ!!マイクラ実況Part5.mp4 in Resources */,
				C4348F972E424C400003530B /* 『シンカリオン チェンジ ザ ワールド』特別編「戦いの記録」.mp4 in Resources */,
				C4348F982E424C400003530B /* ついに家が完成!!めっちゃ大変だった…マイクラ実況Part3.mp4 in Resources */,
				C4348F992E424C400003530B /* ゾンビ_VS_10個のセキュリティ.mp4 in Resources */,
			);
			runOnlyForDeploymentPostprocessing = 0;
		};
		1B73FCC12700539700B6BCE1 /* Resources */ = {
			isa = PBXResourcesBuildPhase;
			buildActionMask = 2147483647;
			files = (
			);
			runOnlyForDeploymentPostprocessing = 0;
		};
		1B73FCCD2700539700B6BCE1 /* Resources */ = {
			isa = PBXResourcesBuildPhase;
			buildActionMask = 2147483647;
			files = (
			);
			runOnlyForDeploymentPostprocessing = 0;
		};
/* End PBXResourcesBuildPhase section */

/* Begin PBXSourcesBuildPhase section */
		1B73FCB22700539700B6BCE1 /* Sources */ = {
			isa = PBXSourcesBuildPhase;
			buildActionMask = 2147483647;
			files = (
				1BE6972E27005C19008E7E56 /* VideoCollectionViewCell.swift in Sources */,
				1BAB1E322704183C007FBD25 /* Channel.swift in Sources */,
				1BE6972A27005C19008E7E56 /* ContentListView.swift in Sources */,
				1BE6972C27005C19008E7E56 /* PlayerScreenView.swift in Sources */,
				1BE6971027005BCC008E7E56 /* PlayerScreenViewDelegate.swift in Sources */,
				1BE6973127005C6E008E7E56 /* ContentsMaker.swift in Sources */,
				1B73FCD92700539700B6BCE1 /* KidsVideoApp.swift in Sources */,
				1B19049E270A73D50085E71F /* Notification+Name.swift in Sources */,
				1B19049C2709C19D0085E71F /* Constants.swift in Sources */,
				1BE6971927005BF8008E7E56 /* SummerPlayerView.swift in Sources */,
				1BE696FC27005A95008E7E56 /* PlayerViewControllerWrapper.swift in Sources */,
				1BC9605F270C9A3F00DF2E69 /* ToastMessageShadow.swift in Sources */,
				1B73FCDD2700539700B6BCE1 /* Persistence.swift in Sources */,
				1BC317EF2711B946003B66F5 /* PlayerControlCommonButton.swift in Sources */,
				BF0DE73527028D1A0029CE17 /* MenuImageMaker.swift in Sources */,
				BF0DE73827028D480029CE17 /* MenuImage.swift in Sources */,
				1BAB1E2A2703DB3E007FBD25 /* Music.swift in Sources */,
				1BE6970627005BA7008E7E56 /* InternalConfiguration.swift in Sources */,
				1BE6971227005BCC008E7E56 /* SummerPlayerViewDelegate.swift in Sources */,
				1B73FCD72700539700B6BCE1 /* KidsVideo.xcdatamodeld in Sources */,
				1BE6972027005C0D008E7E56 /* CMTime+extension.swift in Sources */,
				1BE6971527005BEA008E7E56 /* Content.swift in Sources */,
				1BE6973727005CB3008E7E56 /* ThemeMaker.swift in Sources */,
				1B1903EA270995570085E71F /* Content+URL.swift in Sources */,
				1B78A4A42703640F00B2A670 /* View+Animation.swift in Sources */,
				1BE6971B27005BF8008E7E56 /* SummerPlayerViewTheme.swift in Sources */,
				1BC9605C270C99F200DF2E69 /* UIViewController+Toast.swift in Sources */,
				1BAB1E2D2703DBCB007FBD25 /* MusicMaker.swift in Sources */,
				1BE6970827005BA7008E7E56 /* SummerPlayerViewConfig.swift in Sources */,
				1BC317F827132510003B66F5 /* UIView+Animation.swift in Sources */,
				1BE6972227005C0D008E7E56 /* Utills.swift in Sources */,
				1B73FCDB2700539700B6BCE1 /* ContentView.swift in Sources */,
				1BE6970127005B65008E7E56 /* DefaultConfig.swift in Sources */,
				1BE6970E27005BCC008E7E56 /* PlayerControlViewDelegate.swift in Sources */,
				1BE696F927005A1D008E7E56 /* PlayerViewController.swift in Sources */,
				1BE6973427005CA6008E7E56 /* SampleThemes.swift in Sources */,
				1BE6972827005C19008E7E56 /* PlayerControlView.swift in Sources */,
			);
			runOnlyForDeploymentPostprocessing = 0;
		};
		1B73FCBF2700539700B6BCE1 /* Sources */ = {
			isa = PBXSourcesBuildPhase;
			buildActionMask = 2147483647;
			files = (
				1B73FCCA2700539700B6BCE1 /* Tests_iOSLaunchTests.swift in Sources */,
				1B73FCC82700539700B6BCE1 /* Tests_iOS.swift in Sources */,
			);
			runOnlyForDeploymentPostprocessing = 0;
		};
		1B73FCCB2700539700B6BCE1 /* Sources */ = {
			isa = PBXSourcesBuildPhase;
			buildActionMask = 2147483647;
			files = (
			);
			runOnlyForDeploymentPostprocessing = 0;
		};
/* End PBXSourcesBuildPhase section */

/* Begin PBXTargetDependency section */
		1B73FCC52700539700B6BCE1 /* PBXTargetDependency */ = {
			isa = PBXTargetDependency;
			target = 1B73FCB52700539700B6BCE1 /* KidsVideo (iOS) */;
			targetProxy = 1B73FCC42700539700B6BCE1 /* PBXContainerItemProxy */;
		};
/* End PBXTargetDependency section */

/* Begin XCBuildConfiguration section */
		1B73FCE12700539700B6BCE1 /* Debug */ = {
			isa = XCBuildConfiguration;
			buildSettings = {
				ALWAYS_SEARCH_USER_PATHS = NO;
				CLANG_ANALYZER_NONNULL = YES;
				CLANG_ANALYZER_NUMBER_OBJECT_CONVERSION = YES_AGGRESSIVE;
				CLANG_CXX_LANGUAGE_STANDARD = "gnu++17";
				CLANG_CXX_LIBRARY = "libc++";
				CLANG_ENABLE_MODULES = YES;
				CLANG_ENABLE_OBJC_ARC = YES;
				CLANG_ENABLE_OBJC_WEAK = YES;
				CLANG_WARN_BLOCK_CAPTURE_AUTORELEASING = YES;
				CLANG_WARN_BOOL_CONVERSION = YES;
				CLANG_WARN_COMMA = YES;
				CLANG_WARN_CONSTANT_CONVERSION = YES;
				CLANG_WARN_DEPRECATED_OBJC_IMPLEMENTATIONS = YES;
				CLANG_WARN_DIRECT_OBJC_ISA_USAGE = YES_ERROR;
				CLANG_WARN_DOCUMENTATION_COMMENTS = YES;
				CLANG_WARN_EMPTY_BODY = YES;
				CLANG_WARN_ENUM_CONVERSION = YES;
				CLANG_WARN_INFINITE_RECURSION = YES;
				CLANG_WARN_INT_CONVERSION = YES;
				CLANG_WARN_NON_LITERAL_NULL_CONVERSION = YES;
				CLANG_WARN_OBJC_IMPLICIT_RETAIN_SELF = YES;
				CLANG_WARN_OBJC_LITERAL_CONVERSION = YES;
				CLANG_WARN_OBJC_ROOT_CLASS = YES_ERROR;
				CLANG_WARN_QUOTED_INCLUDE_IN_FRAMEWORK_HEADER = YES;
				CLANG_WARN_RANGE_LOOP_ANALYSIS = YES;
				CLANG_WARN_STRICT_PROTOTYPES = YES;
				CLANG_WARN_SUSPICIOUS_MOVE = YES;
				CLANG_WARN_UNGUARDED_AVAILABILITY = YES_AGGRESSIVE;
				CLANG_WARN_UNREACHABLE_CODE = YES;
				CLANG_WARN__DUPLICATE_METHOD_MATCH = YES;
				COPY_PHASE_STRIP = NO;
				DEBUG_INFORMATION_FORMAT = dwarf;
				ENABLE_STRICT_OBJC_MSGSEND = YES;
				ENABLE_TESTABILITY = YES;
				GCC_C_LANGUAGE_STANDARD = gnu11;
				GCC_DYNAMIC_NO_PIC = NO;
				GCC_NO_COMMON_BLOCKS = YES;
				GCC_OPTIMIZATION_LEVEL = 0;
				GCC_PREPROCESSOR_DEFINITIONS = (
					"DEBUG=1",
					"$(inherited)",
				);
				GCC_WARN_64_TO_32_BIT_CONVERSION = YES;
				GCC_WARN_ABOUT_RETURN_TYPE = YES_ERROR;
				GCC_WARN_UNDECLARED_SELECTOR = YES;
				GCC_WARN_UNINITIALIZED_AUTOS = YES_AGGRESSIVE;
				GCC_WARN_UNUSED_FUNCTION = YES;
				GCC_WARN_UNUSED_VARIABLE = YES;
				MTL_ENABLE_DEBUG_INFO = INCLUDE_SOURCE;
				MTL_FAST_MATH = YES;
				ONLY_ACTIVE_ARCH = YES;
				SWIFT_ACTIVE_COMPILATION_CONDITIONS = DEBUG;
				SWIFT_OPTIMIZATION_LEVEL = "-Onone";
			};
			name = Debug;
		};
		1B73FCE22700539700B6BCE1 /* Release */ = {
			isa = XCBuildConfiguration;
			buildSettings = {
				ALWAYS_SEARCH_USER_PATHS = NO;
				CLANG_ANALYZER_NONNULL = YES;
				CLANG_ANALYZER_NUMBER_OBJECT_CONVERSION = YES_AGGRESSIVE;
				CLANG_CXX_LANGUAGE_STANDARD = "gnu++17";
				CLANG_CXX_LIBRARY = "libc++";
				CLANG_ENABLE_MODULES = YES;
				CLANG_ENABLE_OBJC_ARC = YES;
				CLANG_ENABLE_OBJC_WEAK = YES;
				CLANG_WARN_BLOCK_CAPTURE_AUTORELEASING = YES;
				CLANG_WARN_BOOL_CONVERSION = YES;
				CLANG_WARN_COMMA = YES;
				CLANG_WARN_CONSTANT_CONVERSION = YES;
				CLANG_WARN_DEPRECATED_OBJC_IMPLEMENTATIONS = YES;
				CLANG_WARN_DIRECT_OBJC_ISA_USAGE = YES_ERROR;
				CLANG_WARN_DOCUMENTATION_COMMENTS = YES;
				CLANG_WARN_EMPTY_BODY = YES;
				CLANG_WARN_ENUM_CONVERSION = YES;
				CLANG_WARN_INFINITE_RECURSION = YES;
				CLANG_WARN_INT_CONVERSION = YES;
				CLANG_WARN_NON_LITERAL_NULL_CONVERSION = YES;
				CLANG_WARN_OBJC_IMPLICIT_RETAIN_SELF = YES;
				CLANG_WARN_OBJC_LITERAL_CONVERSION = YES;
				CLANG_WARN_OBJC_ROOT_CLASS = YES_ERROR;
				CLANG_WARN_QUOTED_INCLUDE_IN_FRAMEWORK_HEADER = YES;
				CLANG_WARN_RANGE_LOOP_ANALYSIS = YES;
				CLANG_WARN_STRICT_PROTOTYPES = YES;
				CLANG_WARN_SUSPICIOUS_MOVE = YES;
				CLANG_WARN_UNGUARDED_AVAILABILITY = YES_AGGRESSIVE;
				CLANG_WARN_UNREACHABLE_CODE = YES;
				CLANG_WARN__DUPLICATE_METHOD_MATCH = YES;
				COPY_PHASE_STRIP = NO;
				DEBUG_INFORMATION_FORMAT = "dwarf-with-dsym";
				ENABLE_NS_ASSERTIONS = NO;
				ENABLE_STRICT_OBJC_MSGSEND = YES;
				GCC_C_LANGUAGE_STANDARD = gnu11;
				GCC_NO_COMMON_BLOCKS = YES;
				GCC_WARN_64_TO_32_BIT_CONVERSION = YES;
				GCC_WARN_ABOUT_RETURN_TYPE = YES_ERROR;
				GCC_WARN_UNDECLARED_SELECTOR = YES;
				GCC_WARN_UNINITIALIZED_AUTOS = YES_AGGRESSIVE;
				GCC_WARN_UNUSED_FUNCTION = YES;
				GCC_WARN_UNUSED_VARIABLE = YES;
				MTL_ENABLE_DEBUG_INFO = NO;
				MTL_FAST_MATH = YES;
				SWIFT_COMPILATION_MODE = wholemodule;
				SWIFT_OPTIMIZATION_LEVEL = "-O";
			};
			name = Release;
		};
		1B73FCE42700539700B6BCE1 /* Debug */ = {
			isa = XCBuildConfiguration;
			buildSettings = {
				ASSETCATALOG_COMPILER_APPICON_NAME = AppIcon;
				ASSETCATALOG_COMPILER_GLOBAL_ACCENT_COLOR_NAME = AccentColor;
				CODE_SIGN_ENTITLEMENTS = "KidsVideo (iOS).entitlements";
				CODE_SIGN_IDENTITY = "Apple Development";
				CODE_SIGN_STYLE = Automatic;
				CURRENT_PROJECT_VERSION = 1;
				DEVELOPMENT_TEAM = N9L2U78Y64;
				ENABLE_PREVIEWS = YES;
				GENERATE_INFOPLIST_FILE = YES;
				INFOPLIST_FILE = "KidsVideo--iOS--Info.plist";
				INFOPLIST_KEY_UIApplicationSupportsIndirectInputEvents = YES;
				INFOPLIST_KEY_UILaunchScreen_Generation = YES;
				INFOPLIST_KEY_UISupportedInterfaceOrientations = "UIInterfaceOrientationLandscapeLeft UIInterfaceOrientationLandscapeRight";
				INFOPLIST_KEY_UISupportedInterfaceOrientations_iPad = "UIInterfaceOrientationLandscapeLeft UIInterfaceOrientationLandscapeRight";
				IPHONEOS_DEPLOYMENT_TARGET = 14.0;
				LD_RUNPATH_SEARCH_PATHS = (
					"$(inherited)",
					"@executable_path/Frameworks",
				);
				MARKETING_VERSION = 1.0;
				PRODUCT_BUNDLE_IDENTIFIER = "com.headspinnerd.Kids-Video";
				PRODUCT_NAME = KidsVideo;
				PROVISIONING_PROFILE_SPECIFIER = "";
				SDKROOT = iphoneos;
				SUPPORTS_MACCATALYST = YES;
				SWIFT_EMIT_LOC_STRINGS = YES;
				SWIFT_VERSION = 5.0;
				TARGETED_DEVICE_FAMILY = 2;
			};
			name = Debug;
		};
		1B73FCE52700539700B6BCE1 /* Release */ = {
			isa = XCBuildConfiguration;
			buildSettings = {
				ASSETCATALOG_COMPILER_APPICON_NAME = AppIcon;
				ASSETCATALOG_COMPILER_GLOBAL_ACCENT_COLOR_NAME = AccentColor;
				CODE_SIGN_ENTITLEMENTS = "KidsVideo (iOS).entitlements";
				CODE_SIGN_IDENTITY = "Apple Development";
				CODE_SIGN_STYLE = Automatic;
				CURRENT_PROJECT_VERSION = 1;
				DEVELOPMENT_TEAM = N9L2U78Y64;
				ENABLE_PREVIEWS = YES;
				GENERATE_INFOPLIST_FILE = YES;
				INFOPLIST_FILE = "KidsVideo--iOS--Info.plist";
				INFOPLIST_KEY_UIApplicationSupportsIndirectInputEvents = YES;
				INFOPLIST_KEY_UILaunchScreen_Generation = YES;
				INFOPLIST_KEY_UISupportedInterfaceOrientations = "UIInterfaceOrientationLandscapeLeft UIInterfaceOrientationLandscapeRight";
				INFOPLIST_KEY_UISupportedInterfaceOrientations_iPad = "UIInterfaceOrientationLandscapeLeft UIInterfaceOrientationLandscapeRight";
				IPHONEOS_DEPLOYMENT_TARGET = 14.0;
				LD_RUNPATH_SEARCH_PATHS = (
					"$(inherited)",
					"@executable_path/Frameworks",
				);
				MARKETING_VERSION = 1.0;
				PRODUCT_BUNDLE_IDENTIFIER = "com.headspinnerd.Kids-Video";
				PRODUCT_NAME = KidsVideo;
				PROVISIONING_PROFILE_SPECIFIER = "";
				SDKROOT = iphoneos;
				SUPPORTS_MACCATALYST = YES;
				SWIFT_EMIT_LOC_STRINGS = YES;
				SWIFT_VERSION = 5.0;
				TARGETED_DEVICE_FAMILY = 2;
				VALIDATE_PRODUCT = YES;
			};
			name = Release;
		};
		1B73FCEA2700539700B6BCE1 /* Debug */ = {
			isa = XCBuildConfiguration;
			buildSettings = {
				ALWAYS_EMBED_SWIFT_STANDARD_LIBRARIES = YES;
				CODE_SIGN_STYLE = Automatic;
				CURRENT_PROJECT_VERSION = 1;
				DEVELOPMENT_TEAM = N9L2U78Y64;
				GENERATE_INFOPLIST_FILE = YES;
				IPHONEOS_DEPLOYMENT_TARGET = 15.0;
				LD_RUNPATH_SEARCH_PATHS = (
					"$(inherited)",
					"@executable_path/Frameworks",
					"@loader_path/Frameworks",
				);
				MARKETING_VERSION = 1.0;
				PRODUCT_BUNDLE_IDENTIFIER = "com.headspinnerd.Tests-iOS";
				PRODUCT_NAME = "$(TARGET_NAME)";
				SDKROOT = iphoneos;
				SWIFT_EMIT_LOC_STRINGS = NO;
				SWIFT_VERSION = 5.0;
				TARGETED_DEVICE_FAMILY = "1,2";
				TEST_TARGET_NAME = "KidsVideo (iOS)";
			};
			name = Debug;
		};
		1B73FCEB2700539700B6BCE1 /* Release */ = {
			isa = XCBuildConfiguration;
			buildSettings = {
				ALWAYS_EMBED_SWIFT_STANDARD_LIBRARIES = YES;
				CODE_SIGN_STYLE = Automatic;
				CURRENT_PROJECT_VERSION = 1;
				DEVELOPMENT_TEAM = N9L2U78Y64;
				GENERATE_INFOPLIST_FILE = YES;
				IPHONEOS_DEPLOYMENT_TARGET = 15.0;
				LD_RUNPATH_SEARCH_PATHS = (
					"$(inherited)",
					"@executable_path/Frameworks",
					"@loader_path/Frameworks",
				);
				MARKETING_VERSION = 1.0;
				PRODUCT_BUNDLE_IDENTIFIER = "com.headspinnerd.Tests-iOS";
				PRODUCT_NAME = "$(TARGET_NAME)";
				SDKROOT = iphoneos;
				SWIFT_EMIT_LOC_STRINGS = NO;
				SWIFT_VERSION = 5.0;
				TARGETED_DEVICE_FAMILY = "1,2";
				TEST_TARGET_NAME = "KidsVideo (iOS)";
				VALIDATE_PRODUCT = YES;
			};
			name = Release;
		};
		1B73FCED2700539700B6BCE1 /* Debug */ = {
			isa = XCBuildConfiguration;
			buildSettings = {
				ALWAYS_EMBED_SWIFT_STANDARD_LIBRARIES = YES;
				CODE_SIGN_STYLE = Automatic;
				COMBINE_HIDPI_IMAGES = YES;
				CURRENT_PROJECT_VERSION = 1;
				DEVELOPMENT_TEAM = N9L2U78Y64;
				GENERATE_INFOPLIST_FILE = YES;
				LD_RUNPATH_SEARCH_PATHS = (
					"$(inherited)",
					"@executable_path/../Frameworks",
					"@loader_path/../Frameworks",
				);
				MACOSX_DEPLOYMENT_TARGET = 11.3;
				MARKETING_VERSION = 1.0;
				PRODUCT_BUNDLE_IDENTIFIER = "com.headspinnerd.Tests-macOS";
				PRODUCT_NAME = "$(TARGET_NAME)";
				SDKROOT = macosx;
				SWIFT_EMIT_LOC_STRINGS = NO;
				SWIFT_VERSION = 5.0;
				TEST_TARGET_NAME = "KidsVideo (macOS)";
			};
			name = Debug;
		};
		1B73FCEE2700539700B6BCE1 /* Release */ = {
			isa = XCBuildConfiguration;
			buildSettings = {
				ALWAYS_EMBED_SWIFT_STANDARD_LIBRARIES = YES;
				CODE_SIGN_STYLE = Automatic;
				COMBINE_HIDPI_IMAGES = YES;
				CURRENT_PROJECT_VERSION = 1;
				DEVELOPMENT_TEAM = N9L2U78Y64;
				GENERATE_INFOPLIST_FILE = YES;
				LD_RUNPATH_SEARCH_PATHS = (
					"$(inherited)",
					"@executable_path/../Frameworks",
					"@loader_path/../Frameworks",
				);
				MACOSX_DEPLOYMENT_TARGET = 11.3;
				MARKETING_VERSION = 1.0;
				PRODUCT_BUNDLE_IDENTIFIER = "com.headspinnerd.Tests-macOS";
				PRODUCT_NAME = "$(TARGET_NAME)";
				SDKROOT = macosx;
				SWIFT_EMIT_LOC_STRINGS = NO;
				SWIFT_VERSION = 5.0;
				TEST_TARGET_NAME = "KidsVideo (macOS)";
			};
			name = Release;
		};
/* End XCBuildConfiguration section */

/* Begin XCConfigurationList section */
		1B73FCAA2700539500B6BCE1 /* Build configuration list for PBXProject "KidsVideo" */ = {
			isa = XCConfigurationList;
			buildConfigurations = (
				1B73FCE12700539700B6BCE1 /* Debug */,
				1B73FCE22700539700B6BCE1 /* Release */,
			);
			defaultConfigurationIsVisible = 0;
			defaultConfigurationName = Release;
		};
		1B73FCE32700539700B6BCE1 /* Build configuration list for PBXNativeTarget "KidsVideo (iOS)" */ = {
			isa = XCConfigurationList;
			buildConfigurations = (
				1B73FCE42700539700B6BCE1 /* Debug */,
				1B73FCE52700539700B6BCE1 /* Release */,
			);
			defaultConfigurationIsVisible = 0;
			defaultConfigurationName = Release;
		};
		1B73FCE92700539700B6BCE1 /* Build configuration list for PBXNativeTarget "Tests iOS" */ = {
			isa = XCConfigurationList;
			buildConfigurations = (
				1B73FCEA2700539700B6BCE1 /* Debug */,
				1B73FCEB2700539700B6BCE1 /* Release */,
			);
			defaultConfigurationIsVisible = 0;
			defaultConfigurationName = Release;
		};
		1B73FCEC2700539700B6BCE1 /* Build configuration list for PBXNativeTarget "Tests macOS" */ = {
			isa = XCConfigurationList;
			buildConfigurations = (
				1B73FCED2700539700B6BCE1 /* Debug */,
				1B73FCEE2700539700B6BCE1 /* Release */,
			);
			defaultConfigurationIsVisible = 0;
			defaultConfigurationName = Release;
		};
/* End XCConfigurationList section */

/* Begin XCVersionGroup section */
		1B73FCAC2700539500B6BCE1 /* KidsVideo.xcdatamodeld */ = {
			isa = XCVersionGroup;
			children = (
				1B73FCAD2700539500B6BCE1 /* Shared.xcdatamodel */,
			);
			currentVersion = 1B73FCAD2700539500B6BCE1 /* Shared.xcdatamodel */;
			path = KidsVideo.xcdatamodeld;
			sourceTree = "<group>";
			versionGroupType = wrapper.xcdatamodel;
		};
/* End XCVersionGroup section */
	};
	rootObject = 1B73FCA72700539500B6BCE1 /* Project object */;
}
